
Microsoft Visual Studio Solution File, Format Version 12.00
# Visual Studio Version 17
VisualStudioVersion = 17.10.35122.118
MinimumVisualStudioVersion = 10.0.40219.1
Project("{FAE04EC0-301F-11D3-BF4B-00C04F79EFBC}") = "BlockSchemeHW", "BlockSchemeHW.csproj", "{0175E9F3-9285-4599-B508-C9A0352B629D}"
EndProject
Global
	GlobalSection(SolutionConfigurationPlatforms) = preSolution
		Debug|Any CPU = Debug|Any CPU
		Release|Any CPU = Release|Any CPU
	EndGlobalSection
	GlobalSection(ProjectConfigurationPlatforms) = postSolution
		{0175E9F3-9285-4599-B508-C9A0352B629D}.Debug|Any CPU.ActiveCfg = Debug|Any CPU
		{0175E9F3-9285-4599-B508-C9A0352B629D}.Debug|Any CPU.Build.0 = Debug|Any CPU
		{0175E9F3-9285-4599-B508-C9A0352B629D}.Release|Any CPU.ActiveCfg = Release|Any CPU
		{0175E9F3-9285-4599-B508-C9A0352B629D}.Release|Any CPU.Build.0 = Release|Any CPU
	EndGlobalSection
	GlobalSection(SolutionProperties) = preSolution
		HideSolutionNode = FALSE
	EndGlobalSection
	GlobalSection(ExtensibilityGlobals) = postSolution
		SolutionGuid = {861024EB-2E4E-4B8A-BC6C-656F976F652C}
	EndGlobalSection
EndGlobal
